
Microsoft Visual Studio Solution File, Format Version 12.00
# Visual Studio Version 16
VisualStudioVersion = 16.0.29709.97
MinimumVisualStudioVersion = 10.0.40219.1
Project("{8BC9CEB8-8B4A-11D0-8D11-00A0C91BC942}") = "RemoveInappropriate words", "RemoveInappropriate words\RemoveInappropriate words.vcxproj", "{3D76AA29-AF3C-41DC-928C-A23654FF1670}"
EndProject
Global
	GlobalSection(SolutionConfigurationPlatforms) = preSolution
		Debug|x64 = Debug|x64
		Debug|x86 = Debug|x86
		Release|x64 = Release|x64
		Release|x86 = Release|x86
	EndGlobalSection
	GlobalSection(ProjectConfigurationPlatforms) = postSolution
		{3D76AA29-AF3C-41DC-928C-A23654FF1670}.Debug|x64.ActiveCfg = Debug|x64
		{3D76AA29-AF3C-41DC-928C-A23654FF1670}.Debug|x64.Build.0 = Debug|x64
		{3D76AA29-AF3C-41DC-928C-A23654FF1670}.Debug|x86.ActiveCfg = Debug|Win32
		{3D76AA29-AF3C-41DC-928C-A23654FF1670}.Debug|x86.Build.0 = Debug|Win32
		{3D76AA29-AF3C-41DC-928C-A23654FF1670}.Release|x64.ActiveCfg = Release|x64
		{3D76AA29-AF3C-41DC-928C-A23654FF1670}.Release|x64.Build.0 = Release|x64
		{3D76AA29-AF3C-41DC-928C-A23654FF1670}.Release|x86.ActiveCfg = Release|Win32
		{3D76AA29-AF3C-41DC-928C-A23654FF1670}.Release|x86.Build.0 = Release|Win32
	EndGlobalSection
	GlobalSection(SolutionProperties) = preSolution
		HideSolutionNode = FALSE
	EndGlobalSection
	GlobalSection(ExtensibilityGlobals) = postSolution
		SolutionGuid = {EB158DA9-2202-44FA-BC1D-41662B66E866}
	EndGlobalSection
EndGlobal
